
Microsoft Visual Studio Solution File, Format Version 12.00
# Visual Studio Version 17
VisualStudioVersion = 17.6.33829.357
MinimumVisualStudioVersion = 10.0.40219.1
Project("{FAE04EC0-301F-11D3-BF4B-00C04F79EFBC}") = "ProjetoFila", "ProjetoFila\ProjetoFila.csproj", "{28A036CB-CA44-41BE-9D09-AF83437DE6CC}"
EndProject
Global
	GlobalSection(SolutionConfigurationPlatforms) = preSolution
		Debug|Any CPU = Debug|Any CPU
		Release|Any CPU = Release|Any CPU
	EndGlobalSection
	GlobalSection(ProjectConfigurationPlatforms) = postSolution
		{28A036CB-CA44-41BE-9D09-AF83437DE6CC}.Debug|Any CPU.ActiveCfg = Debug|Any CPU
		{28A036CB-CA44-41BE-9D09-AF83437DE6CC}.Debug|Any CPU.Build.0 = Debug|Any CPU
		{28A036CB-CA44-41BE-9D09-AF83437DE6CC}.Release|Any CPU.ActiveCfg = Release|Any CPU
		{28A036CB-CA44-41BE-9D09-AF83437DE6CC}.Release|Any CPU.Build.0 = Release|Any CPU
	EndGlobalSection
	GlobalSection(SolutionProperties) = preSolution
		HideSolutionNode = FALSE
	EndGlobalSection
	GlobalSection(ExtensibilityGlobals) = postSolution
		SolutionGuid = {D06FC624-BFDA-48AC-BA56-E82FB9C65784}
	EndGlobalSection
EndGlobal
